// !$*UTF8*$!
{
	archiveVersion = 1;
	classes = {
	};
	objectVersion = 56;
	objects = {

/* Begin PBXBuildFile section */
		7B50BF9029676B9A006410E4 /* DynamicIslandDownloadProgressApp.swift in Sources */ = {isa = PBXBuildFile; fileRef = 7B50BF8F29676B9A006410E4 /* DynamicIslandDownloadProgressApp.swift */; };
		7B50BF9229676B9A006410E4 /* ContentView.swift in Sources */ = {isa = PBXBuildFile; fileRef = 7B50BF9129676B9A006410E4 /* ContentView.swift */; };
		7B50BF9429676B9D006410E4 /* Assets.xcassets in Resources */ = {isa = PBXBuildFile; fileRef = 7B50BF9329676B9D006410E4 /* Assets.xcassets */; };
		7B50BF9729676B9D006410E4 /* Preview Assets.xcassets in Resources */ = {isa = PBXBuildFile; fileRef = 7B50BF9629676B9D006410E4 /* Preview Assets.xcassets */; };
		7B50BF9929676B9D006410E4 /* Persistence.swift in Sources */ = {isa = PBXBuildFile; fileRef = 7B50BF9829676B9D006410E4 /* Persistence.swift */; };
		7B50BF9C29676B9D006410E4 /* DynamicIslandDownloadProgress.xcdatamodeld in Sources */ = {isa = PBXBuildFile; fileRef = 7B50BF9A29676B9D006410E4 /* DynamicIslandDownloadProgress.xcdatamodeld */; };
		7B50BFA629676B9D006410E4 /* DynamicIslandDownloadProgressTests.swift in Sources */ = {isa = PBXBuildFile; fileRef = 7B50BFA529676B9D006410E4 /* DynamicIslandDownloadProgressTests.swift */; };
		7B50BFB029676B9D006410E4 /* DynamicIslandDownloadProgressUITests.swift in Sources */ = {isa = PBXBuildFile; fileRef = 7B50BFAF29676B9D006410E4 /* DynamicIslandDownloadProgressUITests.swift */; };
		7B50BFB229676B9D006410E4 /* DynamicIslandDownloadProgressUITestsLaunchTests.swift in Sources */ = {isa = PBXBuildFile; fileRef = 7B50BFB129676B9D006410E4 /* DynamicIslandDownloadProgressUITestsLaunchTests.swift */; };
/* End PBXBuildFile section */

/* Begin PBXContainerItemProxy section */
		7B50BFA229676B9D006410E4 /* PBXContainerItemProxy */ = {
			isa = PBXContainerItemProxy;
			containerPortal = 7B50BF8429676B9A006410E4 /* Project object */;
			proxyType = 1;
			remoteGlobalIDString = 7B50BF8B29676B9A006410E4;
			remoteInfo = DynamicIslandDownloadProgress;
		};
		7B50BFAC29676B9D006410E4 /* PBXContainerItemProxy */ = {
			isa = PBXContainerItemProxy;
			containerPortal = 7B50BF8429676B9A006410E4 /* Project object */;
			proxyType = 1;
			remoteGlobalIDString = 7B50BF8B29676B9A006410E4;
			remoteInfo = DynamicIslandDownloadProgress;
		};
/* End PBXContainerItemProxy section */

/* Begin PBXFileReference section */
		7B50BF8C29676B9A006410E4 /* DynamicIslandDownloadProgress.app */ = {isa = PBXFileReference; explicitFileType = wrapper.application; includeInIndex = 0; path = DynamicIslandDownloadProgress.app; sourceTree = BUILT_PRODUCTS_DIR; };
		7B50BF8F29676B9A006410E4 /* DynamicIslandDownloadProgressApp.swift */ = {isa = PBXFileReference; lastKnownFileType = sourcecode.swift; path = DynamicIslandDownloadProgressApp.swift; sourceTree = "<group>"; };
		7B50BF9129676B9A006410E4 /* ContentView.swift */ = {isa = PBXFileReference; lastKnownFileType = sourcecode.swift; path = ContentView.swift; sourceTree = "<group>"; };
		7B50BF9329676B9D006410E4 /* Assets.xcassets */ = {isa = PBXFileReference; lastKnownFileType = folder.assetcatalog; path = Assets.xcassets; sourceTree = "<group>"; };
		7B50BF9629676B9D006410E4 /* Preview Assets.xcassets */ = {isa = PBXFileReference; lastKnownFileType = folder.assetcatalog; path = "Preview Assets.xcassets"; sourceTree = "<group>"; };
		7B50BF9829676B9D006410E4 /* Persistence.swift */ = {isa = PBXFileReference; lastKnownFileType = sourcecode.swift; path = Persistence.swift; sourceTree = "<group>"; };
		7B50BF9B29676B9D006410E4 /* DynamicIslandDownloadProgress.xcdatamodel */ = {isa = PBXFileReference; lastKnownFileType = wrapper.xcdatamodel; path = DynamicIslandDownloadProgress.xcdatamodel; sourceTree = "<group>"; };
		7B50BFA129676B9D006410E4 /* DynamicIslandDownloadProgressTests.xctest */ = {isa = PBXFileReference; explicitFileType = wrapper.cfbundle; includeInIndex = 0; path = DynamicIslandDownloadProgressTests.xctest; sourceTree = BUILT_PRODUCTS_DIR; };
		7B50BFA529676B9D006410E4 /* DynamicIslandDownloadProgressTests.swift */ = {isa = PBXFileReference; lastKnownFileType = sourcecode.swift; path = DynamicIslandDownloadProgressTests.swift; sourceTree = "<group>"; };
		7B50BFAB29676B9D006410E4 /* DynamicIslandDownloadProgressUITests.xctest */ = {isa = PBXFileReference; explicitFileType = wrapper.cfbundle; includeInIndex = 0; path = DynamicIslandDownloadProgressUITests.xctest; sourceTree = BUILT_PRODUCTS_DIR; };
		7B50BFAF29676B9D006410E4 /* DynamicIslandDownloadProgressUITests.swift */ = {isa = PBXFileReference; lastKnownFileType = sourcecode.swift; path = DynamicIslandDownloadProgressUITests.swift; sourceTree = "<group>"; };
		7B50BFB129676B9D006410E4 /* DynamicIslandDownloadProgressUITestsLaunchTests.swift */ = {isa = PBXFileReference; lastKnownFileType = sourcecode.swift; path = DynamicIslandDownloadProgressUITestsLaunchTests.swift; sourceTree = "<group>"; };
/* End PBXFileReference section */

/* Begin PBXFrameworksBuildPhase section */
		7B50BF8929676B9A006410E4 /* Frameworks */ = {
			isa = PBXFrameworksBuildPhase;
			buildActionMask = 2147483647;
			files = (
			);
			runOnlyForDeploymentPostprocessing = 0;
		};
		7B50BF9E29676B9D006410E4 /* Frameworks */ = {
			isa = PBXFrameworksBuildPhase;
			buildActionMask = 2147483647;
			files = (
			);
			runOnlyForDeploymentPostprocessing = 0;
		};
		7B50BFA829676B9D006410E4 /* Frameworks */ = {
			isa = PBXFrameworksBuildPhase;
			buildActionMask = 2147483647;
			files = (
			);
			runOnlyForDeploymentPostprocessing = 0;
		};
/* End PBXFrameworksBuildPhase section */

/* Begin PBXGroup section */
		7B50BF8329676B9A006410E4 = {
			isa = PBXGroup;
			children = (
				7B50BF8E29676B9A006410E4 /* DynamicIslandDownloadProgress */,
				7B50BFA429676B9D006410E4 /* DynamicIslandDownloadProgressTests */,
				7B50BFAE29676B9D006410E4 /* DynamicIslandDownloadProgressUITests */,
				7B50BF8D29676B9A006410E4 /* Products */,
			);
			sourceTree = "<group>";
		};
		7B50BF8D29676B9A006410E4 /* Products */ = {
			isa = PBXGroup;
			children = (
				7B50BF8C29676B9A006410E4 /* DynamicIslandDownloadProgress.app */,
				7B50BFA129676B9D006410E4 /* DynamicIslandDownloadProgressTests.xctest */,
				7B50BFAB29676B9D006410E4 /* DynamicIslandDownloadProgressUITests.xctest */,
			);
			name = Products;
			sourceTree = "<group>";
		};
		7B50BF8E29676B9A006410E4 /* DynamicIslandDownloadProgress */ = {
			isa = PBXGroup;
			children = (
				7B50BF8F29676B9A006410E4 /* DynamicIslandDownloadProgressApp.swift */,
				7B50BF9129676B9A006410E4 /* ContentView.swift */,
				7B50BF9329676B9D006410E4 /* Assets.xcassets */,
				7B50BF9829676B9D006410E4 /* Persistence.swift */,
				7B50BF9A29676B9D006410E4 /* DynamicIslandDownloadProgress.xcdatamodeld */,
				7B50BF9529676B9D006410E4 /* Preview Content */,
			);
			path = DynamicIslandDownloadProgress;
			sourceTree = "<group>";
		};
		7B50BF9529676B9D006410E4 /* Preview Content */ = {
			isa = PBXGroup;
			children = (
				7B50BF9629676B9D006410E4 /* Preview Assets.xcassets */,
			);
			path = "Preview Content";
			sourceTree = "<group>";
		};
		7B50BFA429676B9D006410E4 /* DynamicIslandDownloadProgressTests */ = {
			isa = PBXGroup;
			children = (
				7B50BFA529676B9D006410E4 /* DynamicIslandDownloadProgressTests.swift */,
			);
			path = DynamicIslandDownloadProgressTests;
			sourceTree = "<group>";
		};
		7B50BFAE29676B9D006410E4 /* DynamicIslandDownloadProgressUITests */ = {
			isa = PBXGroup;
			children = (
				7B50BFAF29676B9D006410E4 /* DynamicIslandDownloadProgressUITests.swift */,
				7B50BFB129676B9D006410E4 /* DynamicIslandDownloadProgressUITestsLaunchTests.swift */,
			);
			path = DynamicIslandDownloadProgressUITests;
			sourceTree = "<group>";
		};
/* End PBXGroup section */

/* Begin PBXNativeTarget section */
		7B50BF8B29676B9A006410E4 /* DynamicIslandDownloadProgress */ = {
			isa = PBXNativeTarget;
			buildConfigurationList = 7B50BFB529676B9D006410E4 /* Build configuration list for PBXNativeTarget "DynamicIslandDownloadProgress" */;
			buildPhases = (
				7B50BF8829676B9A006410E4 /* Sources */,
				7B50BF8929676B9A006410E4 /* Frameworks */,
				7B50BF8A29676B9A006410E4 /* Resources */,
			);
			buildRules = (
			);
			dependencies = (
			);
			name = DynamicIslandDownloadProgress;
			productName = DynamicIslandDownloadProgress;
			productReference = 7B50BF8C29676B9A006410E4 /* DynamicIslandDownloadProgress.app */;
			productType = "com.apple.product-type.application";
		};
		7B50BFA029676B9D006410E4 /* DynamicIslandDownloadProgressTests */ = {
			isa = PBXNativeTarget;
			buildConfigurationList = 7B50BFB829676B9D006410E4 /* Build configuration list for PBXNativeTarget "DynamicIslandDownloadProgressTests" */;
			buildPhases = (
				7B50BF9D29676B9D006410E4 /* Sources */,
				7B50BF9E29676B9D006410E4 /* Frameworks */,
				7B50BF9F29676B9D006410E4 /* Resources */,
			);
			buildRules = (
			);
			dependencies = (
				7B50BFA329676B9D006410E4 /* PBXTargetDependency */,
			);
			name = DynamicIslandDownloadProgressTests;
			productName = DynamicIslandDownloadProgressTests;
			productReference = 7B50BFA129676B9D006410E4 /* DynamicIslandDownloadProgressTests.xctest */;
			productType = "com.apple.product-type.bundle.unit-test";
		};
		7B50BFAA29676B9D006410E4 /* DynamicIslandDownloadProgressUITests */ = {
			isa = PBXNativeTarget;
			buildConfigurationList = 7B50BFBB29676B9D006410E4 /* Build configuration list for PBXNativeTarget "DynamicIslandDownloadProgressUITests" */;
			buildPhases = (
				7B50BFA729676B9D006410E4 /* Sources */,
				7B50BFA829676B9D006410E4 /* Frameworks */,
				7B50BFA929676B9D006410E4 /* Resources */,
			);
			buildRules = (
			);
			dependencies = (
				7B50BFAD29676B9D006410E4 /* PBXTargetDependency */,
			);
			name = DynamicIslandDownloadProgressUITests;
			productName = DynamicIslandDownloadProgressUITests;
			productReference = 7B50BFAB29676B9D006410E4 /* DynamicIslandDownloadProgressUITests.xctest */;
			productType = "com.apple.product-type.bundle.ui-testing";
		};
/* End PBXNativeTarget section */

/* Begin PBXProject section */
		7B50BF8429676B9A006410E4 /* Project object */ = {
			isa = PBXProject;
			attributes = {
				BuildIndependentTargetsInParallel = 1;
				LastSwiftUpdateCheck = 1410;
				LastUpgradeCheck = 1410;
				TargetAttributes = {
					7B50BF8B29676B9A006410E4 = {
						CreatedOnToolsVersion = 14.1;
					};
					7B50BFA029676B9D006410E4 = {
						CreatedOnToolsVersion = 14.1;
						TestTargetID = 7B50BF8B29676B9A006410E4;
					};
					7B50BFAA29676B9D006410E4 = {
						CreatedOnToolsVersion = 14.1;
						TestTargetID = 7B50BF8B29676B9A006410E4;
					};
				};
			};
			buildConfigurationList = 7B50BF8729676B9A006410E4 /* Build configuration list for PBXProject "DynamicIslandDownloadProgress" */;
			compatibilityVersion = "Xcode 14.0";
			developmentRegion = en;
			hasScannedForEncodings = 0;
			knownRegions = (
				en,
				Base,
			);
			mainGroup = 7B50BF8329676B9A006410E4;
			productRefGroup = 7B50BF8D29676B9A006410E4 /* Products */;
			projectDirPath = "";
			projectRoot = "";
			targets = (
				7B50BF8B29676B9A006410E4 /* DynamicIslandDownloadProgress */,
				7B50BFA029676B9D006410E4 /* DynamicIslandDownloadProgressTests */,
				7B50BFAA29676B9D006410E4 /* DynamicIslandDownloadProgressUITests */,
			);
		};
/* End PBXProject section */

/* Begin PBXResourcesBuildPhase section */
		7B50BF8A29676B9A006410E4 /* Resources */ = {
			isa = PBXResourcesBuildPhase;
			buildActionMask = 2147483647;
			files = (
				7B50BF9729676B9D006410E4 /* Preview Assets.xcassets in Resources */,
				7B50BF9429676B9D006410E4 /* Assets.xcassets in Resources */,
			);
			runOnlyForDeploymentPostprocessing = 0;
		};
		7B50BF9F29676B9D006410E4 /* Resources */ = {
			isa = PBXResourcesBuildPhase;
			buildActionMask = 2147483647;
			files = (
			);
			runOnlyForDeploymentPostprocessing = 0;
		};
		7B50BFA929676B9D006410E4 /* Resources */ = {
			isa = PBXResourcesBuildPhase;
			buildActionMask = 2147483647;
			files = (
			);
			runOnlyForDeploymentPostprocessing = 0;
		};
/* End PBXResourcesBuildPhase section */

/* Begin PBXSourcesBuildPhase section */
		7B50BF8829676B9A006410E4 /* Sources */ = {
			isa = PBXSourcesBuildPhase;
			buildActionMask = 2147483647;
			files = (
				7B50BF9929676B9D006410E4 /* Persistence.swift in Sources */,
				7B50BF9229676B9A006410E4 /* ContentView.swift in Sources */,
				7B50BF9029676B9A006410E4 /* DynamicIslandDownloadProgressApp.swift in Sources */,
				7B50BF9C29676B9D006410E4 /* DynamicIslandDownloadProgress.xcdatamodeld in Sources */,
			);
			runOnlyForDeploymentPostprocessing = 0;
		};
		7B50BF9D29676B9D006410E4 /* Sources */ = {
			isa = PBXSourcesBuildPhase;
			buildActionMask = 2147483647;
			files = (
				7B50BFA629676B9D006410E4 /* DynamicIslandDownloadProgressTests.swift in Sources */,
			);
			runOnlyForDeploymentPostprocessing = 0;
		};
		7B50BFA729676B9D006410E4 /* Sources */ = {
			isa = PBXSourcesBuildPhase;
			buildActionMask = 2147483647;
			files = (
				7B50BFB229676B9D006410E4 /* DynamicIslandDownloadProgressUITestsLaunchTests.swift in Sources */,
				7B50BFB029676B9D006410E4 /* DynamicIslandDownloadProgressUITests.swift in Sources */,
			);
			runOnlyForDeploymentPostprocessing = 0;
		};
/* End PBXSourcesBuildPhase section */

/* Begin PBXTargetDependency section */
		7B50BFA329676B9D006410E4 /* PBXTargetDependency */ = {
			isa = PBXTargetDependency;
			target = 7B50BF8B29676B9A006410E4 /* DynamicIslandDownloadProgress */;
			targetProxy = 7B50BFA229676B9D006410E4 /* PBXContainerItemProxy */;
		};
		7B50BFAD29676B9D006410E4 /* PBXTargetDependency */ = {
			isa = PBXTargetDependency;
			target = 7B50BF8B29676B9A006410E4 /* DynamicIslandDownloadProgress */;
			targetProxy = 7B50BFAC29676B9D006410E4 /* PBXContainerItemProxy */;
		};
/* End PBXTargetDependency section */

/* Begin XCBuildConfiguration section */
		7B50BFB329676B9D006410E4 /* Debug */ = {
			isa = XCBuildConfiguration;
			buildSettings = {
				ALWAYS_SEARCH_USER_PATHS = NO;
				CLANG_ANALYZER_NONNULL = YES;
				CLANG_ANALYZER_NUMBER_OBJECT_CONVERSION = YES_AGGRESSIVE;
				CLANG_CXX_LANGUAGE_STANDARD = "gnu++20";
				CLANG_ENABLE_MODULES = YES;
				CLANG_ENABLE_OBJC_ARC = YES;
				CLANG_ENABLE_OBJC_WEAK = YES;
				CLANG_WARN_BLOCK_CAPTURE_AUTORELEASING = YES;
				CLANG_WARN_BOOL_CONVERSION = YES;
				CLANG_WARN_COMMA = YES;
				CLANG_WARN_CONSTANT_CONVERSION = YES;
				CLANG_WARN_DEPRECATED_OBJC_IMPLEMENTATIONS = YES;
				CLANG_WARN_DIRECT_OBJC_ISA_USAGE = YES_ERROR;
				CLANG_WARN_DOCUMENTATION_COMMENTS = YES;
				CLANG_WARN_EMPTY_BODY = YES;
				CLANG_WARN_ENUM_CONVERSION = YES;
				CLANG_WARN_INFINITE_RECURSION = YES;
				CLANG_WARN_INT_CONVERSION = YES;
				CLANG_WARN_NON_LITERAL_NULL_CONVERSION = YES;
				CLANG_WARN_OBJC_IMPLICIT_RETAIN_SELF = YES;
				CLANG_WARN_OBJC_LITERAL_CONVERSION = YES;
				CLANG_WARN_OBJC_ROOT_CLASS = YES_ERROR;
				CLANG_WARN_QUOTED_INCLUDE_IN_FRAMEWORK_HEADER = YES;
				CLANG_WARN_RANGE_LOOP_ANALYSIS = YES;
				CLANG_WARN_STRICT_PROTOTYPES = YES;
				CLANG_WARN_SUSPICIOUS_MOVE = YES;
				CLANG_WARN_UNGUARDED_AVAILABILITY = YES_AGGRESSIVE;
				CLANG_WARN_UNREACHABLE_CODE = YES;
				CLANG_WARN__DUPLICATE_METHOD_MATCH = YES;
				COPY_PHASE_STRIP = NO;
				DEBUG_INFORMATION_FORMAT = dwarf;
				ENABLE_STRICT_OBJC_MSGSEND = YES;
				ENABLE_TESTABILITY = YES;
				GCC_C_LANGUAGE_STANDARD = gnu11;
				GCC_DYNAMIC_NO_PIC = NO;
				GCC_NO_COMMON_BLOCKS = YES;
				GCC_OPTIMIZATION_LEVEL = 0;
				GCC_PREPROCESSOR_DEFINITIONS = (
					"DEBUG=1",
					"$(inherited)",
				);
				GCC_WARN_64_TO_32_BIT_CONVERSION = YES;
				GCC_WARN_ABOUT_RETURN_TYPE = YES_ERROR;
				GCC_WARN_UNDECLARED_SELECTOR = YES;
				GCC_WARN_UNINITIALIZED_AUTOS = YES_AGGRESSIVE;
				GCC_WARN_UNUSED_FUNCTION = YES;
				GCC_WARN_UNUSED_VARIABLE = YES;
				IPHONEOS_DEPLOYMENT_TARGET = 16.1;
				MTL_ENABLE_DEBUG_INFO = INCLUDE_SOURCE;
				MTL_FAST_MATH = YES;
				ONLY_ACTIVE_ARCH = YES;
				SDKROOT = iphoneos;
				SWIFT_ACTIVE_COMPILATION_CONDITIONS = DEBUG;
				SWIFT_OPTIMIZATION_LEVEL = "-Onone";
			};
			name = Debug;
		};
		7B50BFB429676B9D006410E4 /* Release */ = {
			isa = XCBuildConfiguration;
			buildSettings = {
				ALWAYS_SEARCH_USER_PATHS = NO;
				CLANG_ANALYZER_NONNULL = YES;
				CLANG_ANALYZER_NUMBER_OBJECT_CONVERSION = YES_AGGRESSIVE;
				CLANG_CXX_LANGUAGE_STANDARD = "gnu++20";
				CLANG_ENABLE_MODULES = YES;
				CLANG_ENABLE_OBJC_ARC = YES;
				CLANG_ENABLE_OBJC_WEAK = YES;
				CLANG_WARN_BLOCK_CAPTURE_AUTORELEASING = YES;
				CLANG_WARN_BOOL_CONVERSION = YES;
				CLANG_WARN_COMMA = YES;
				CLANG_WARN_CONSTANT_CONVERSION = YES;
				CLANG_WARN_DEPRECATED_OBJC_IMPLEMENTATIONS = YES;
				CLANG_WARN_DIRECT_OBJC_ISA_USAGE = YES_ERROR;
				CLANG_WARN_DOCUMENTATION_COMMENTS = YES;
				CLANG_WARN_EMPTY_BODY = YES;
				CLANG_WARN_ENUM_CONVERSION = YES;
				CLANG_WARN_INFINITE_RECURSION = YES;
				CLANG_WARN_INT_CONVERSION = YES;
				CLANG_WARN_NON_LITERAL_NULL_CONVERSION = YES;
				CLANG_WARN_OBJC_IMPLICIT_RETAIN_SELF = YES;
				CLANG_WARN_OBJC_LITERAL_CONVERSION = YES;
				CLANG_WARN_OBJC_ROOT_CLASS = YES_ERROR;
				CLANG_WARN_QUOTED_INCLUDE_IN_FRAMEWORK_HEADER = YES;
				CLANG_WARN_RANGE_LOOP_ANALYSIS = YES;
				CLANG_WARN_STRICT_PROTOTYPES = YES;
				CLANG_WARN_SUSPICIOUS_MOVE = YES;
				CLANG_WARN_UNGUARDED_AVAILABILITY = YES_AGGRESSIVE;
				CLANG_WARN_UNREACHABLE_CODE = YES;
				CLANG_WARN__DUPLICATE_METHOD_MATCH = YES;
				COPY_PHASE_STRIP = NO;
				DEBUG_INFORMATION_FORMAT = "dwarf-with-dsym";
				ENABLE_NS_ASSERTIONS = NO;
				ENABLE_STRICT_OBJC_MSGSEND = YES;
				GCC_C_LANGUAGE_STANDARD = gnu11;
				GCC_NO_COMMON_BLOCKS = YES;
				GCC_WARN_64_TO_32_BIT_CONVERSION = YES;
				GCC_WARN_ABOUT_RETURN_TYPE = YES_ERROR;
				GCC_WARN_UNDECLARED_SELECTOR = YES;
				GCC_WARN_UNINITIALIZED_AUTOS = YES_AGGRESSIVE;
				GCC_WARN_UNUSED_FUNCTION = YES;
				GCC_WARN_UNUSED_VARIABLE = YES;
				IPHONEOS_DEPLOYMENT_TARGET = 16.1;
				MTL_ENABLE_DEBUG_INFO = NO;
				MTL_FAST_MATH = YES;
				SDKROOT = iphoneos;
				SWIFT_COMPILATION_MODE = wholemodule;
				SWIFT_OPTIMIZATION_LEVEL = "-O";
				VALIDATE_PRODUCT = YES;
			};
			name = Release;
		};
		7B50BFB629676B9D006410E4 /* Debug */ = {
			isa = XCBuildConfiguration;
			buildSettings = {
				ASSETCATALOG_COMPILER_APPICON_NAME = AppIcon;
				ASSETCATALOG_COMPILER_GLOBAL_ACCENT_COLOR_NAME = AccentColor;
				CODE_SIGN_STYLE = Automatic;
				CURRENT_PROJECT_VERSION = 1;
				DEVELOPMENT_ASSET_PATHS = "\"DynamicIslandDownloadProgress/Preview Content\"";
				DEVELOPMENT_TEAM = XRR5P3RD3X;
				ENABLE_PREVIEWS = YES;
				GENERATE_INFOPLIST_FILE = YES;
				INFOPLIST_KEY_UIApplicationSceneManifest_Generation = YES;
				INFOPLIST_KEY_UIApplicationSupportsIndirectInputEvents = YES;
				INFOPLIST_KEY_UILaunchScreen_Generation = YES;
				INFOPLIST_KEY_UISupportedInterfaceOrientations_iPad = "UIInterfaceOrientationPortrait UIInterfaceOrientationPortraitUpsideDown UIInterfaceOrientationLandscapeLeft UIInterfaceOrientationLandscapeRight";
				INFOPLIST_KEY_UISupportedInterfaceOrientations_iPhone = "UIInterfaceOrientationPortrait UIInterfaceOrientationLandscapeLeft UIInterfaceOrientationLandscapeRight";
				LD_RUNPATH_SEARCH_PATHS = (
					"$(inherited)",
					"@executable_path/Frameworks",
				);
				MARKETING_VERSION = 1.0;
				PRODUCT_BUNDLE_IDENTIFIER = abdullahkaraboga.DynamicIslandDownloadProgress;
				PRODUCT_NAME = "$(TARGET_NAME)";
				SWIFT_EMIT_LOC_STRINGS = YES;
				SWIFT_VERSION = 5.0;
				TARGETED_DEVICE_FAMILY = "1,2";
			};
			name = Debug;
		};
		7B50BFB729676B9D006410E4 /* Release */ = {
			isa = XCBuildConfiguration;
			buildSettings = {
				ASSETCATALOG_COMPILER_APPICON_NAME = AppIcon;
				ASSETCATALOG_COMPILER_GLOBAL_ACCENT_COLOR_NAME = AccentColor;
				CODE_SIGN_STYLE = Automatic;
				CURRENT_PROJECT_VERSION = 1;
				DEVELOPMENT_ASSET_PATHS = "\"DynamicIslandDownloadProgress/Preview Content\"";
				DEVELOPMENT_TEAM = XRR5P3RD3X;
				ENABLE_PREVIEWS = YES;
				GENERATE_INFOPLIST_FILE = YES;
				INFOPLIST_KEY_UIApplicationSceneManifest_Generation = YES;
				INFOPLIST_KEY_UIApplicationSupportsIndirectInputEvents = YES;
				INFOPLIST_KEY_UILaunchScreen_Generation = YES;
				INFOPLIST_KEY_UISupportedInterfaceOrientations_iPad = "UIInterfaceOrientationPortrait UIInterfaceOrientationPortraitUpsideDown UIInterfaceOrientationLandscapeLeft UIInterfaceOrientationLandscapeRight";
				INFOPLIST_KEY_UISupportedInterfaceOrientations_iPhone = "UIInterfaceOrientationPortrait UIInterfaceOrientationLandscapeLeft UIInterfaceOrientationLandscapeRight";
				LD_RUNPATH_SEARCH_PATHS = (
					"$(inherited)",
					"@executable_path/Frameworks",
				);
				MARKETING_VERSION = 1.0;
				PRODUCT_BUNDLE_IDENTIFIER = abdullahkaraboga.DynamicIslandDownloadProgress;
				PRODUCT_NAME = "$(TARGET_NAME)";
				SWIFT_EMIT_LOC_STRINGS = YES;
				SWIFT_VERSION = 5.0;
				TARGETED_DEVICE_FAMILY = "1,2";
			};
			name = Release;
		};
		7B50BFB929676B9D006410E4 /* Debug */ = {
			isa = XCBuildConfiguration;
			buildSettings = {
				ALWAYS_EMBED_SWIFT_STANDARD_LIBRARIES = YES;
				BUNDLE_LOADER = "$(TEST_HOST)";
				CODE_SIGN_STYLE = Automatic;
				CURRENT_PROJECT_VERSION = 1;
				DEVELOPMENT_TEAM = XRR5P3RD3X;
				GENERATE_INFOPLIST_FILE = YES;
				IPHONEOS_DEPLOYMENT_TARGET = 16.1;
				MARKETING_VERSION = 1.0;
				PRODUCT_BUNDLE_IDENTIFIER = abdullahkaraboga.DynamicIslandDownloadProgressTests;
				PRODUCT_NAME = "$(TARGET_NAME)";
				SWIFT_EMIT_LOC_STRINGS = NO;
				SWIFT_VERSION = 5.0;
				TARGETED_DEVICE_FAMILY = "1,2";
				TEST_HOST = "$(BUILT_PRODUCTS_DIR)/DynamicIslandDownloadProgress.app/$(BUNDLE_EXECUTABLE_FOLDER_PATH)/DynamicIslandDownloadProgress";
			};
			name = Debug;
		};
		7B50BFBA29676B9D006410E4 /* Release */ = {
			isa = XCBuildConfiguration;
			buildSettings = {
				ALWAYS_EMBED_SWIFT_STANDARD_LIBRARIES = YES;
				BUNDLE_LOADER = "$(TEST_HOST)";
				CODE_SIGN_STYLE = Automatic;
				CURRENT_PROJECT_VERSION = 1;
				DEVELOPMENT_TEAM = XRR5P3RD3X;
				GENERATE_INFOPLIST_FILE = YES;
				IPHONEOS_DEPLOYMENT_TARGET = 16.1;
				MARKETING_VERSION = 1.0;
				PRODUCT_BUNDLE_IDENTIFIER = abdullahkaraboga.DynamicIslandDownloadProgressTests;
				PRODUCT_NAME = "$(TARGET_NAME)";
				SWIFT_EMIT_LOC_STRINGS = NO;
				SWIFT_VERSION = 5.0;
				TARGETED_DEVICE_FAMILY = "1,2";
				TEST_HOST = "$(BUILT_PRODUCTS_DIR)/DynamicIslandDownloadProgress.app/$(BUNDLE_EXECUTABLE_FOLDER_PATH)/DynamicIslandDownloadProgress";
			};
			name = Release;
		};
		7B50BFBC29676B9D006410E4 /* Debug */ = {
			isa = XCBuildConfiguration;
			buildSettings = {
				ALWAYS_EMBED_SWIFT_STANDARD_LIBRARIES = YES;
				CODE_SIGN_STYLE = Automatic;
				CURRENT_PROJECT_VERSION = 1;
				DEVELOPMENT_TEAM = XRR5P3RD3X;
				GENERATE_INFOPLIST_FILE = YES;
				MARKETING_VERSION = 1.0;
				PRODUCT_BUNDLE_IDENTIFIER = abdullahkaraboga.DynamicIslandDownloadProgressUITests;
				PRODUCT_NAME = "$(TARGET_NAME)";
				SWIFT_EMIT_LOC_STRINGS = NO;
				SWIFT_VERSION = 5.0;
				TARGETED_DEVICE_FAMILY = "1,2";
				TEST_TARGET_NAME = DynamicIslandDownloadProgress;
			};
			name = Debug;
		};
		7B50BFBD29676B9D006410E4 /* Release */ = {
			isa = XCBuildConfiguration;
			buildSettings = {
				ALWAYS_EMBED_SWIFT_STANDARD_LIBRARIES = YES;
				CODE_SIGN_STYLE = Automatic;
				CURRENT_PROJECT_VERSION = 1;
				DEVELOPMENT_TEAM = XRR5P3RD3X;
				GENERATE_INFOPLIST_FILE = YES;
				MARKETING_VERSION = 1.0;
				PRODUCT_BUNDLE_IDENTIFIER = abdullahkaraboga.DynamicIslandDownloadProgressUITests;
				PRODUCT_NAME = "$(TARGET_NAME)";
				SWIFT_EMIT_LOC_STRINGS = NO;
				SWIFT_VERSION = 5.0;
				TARGETED_DEVICE_FAMILY = "1,2";
				TEST_TARGET_NAME = DynamicIslandDownloadProgress;
			};
			name = Release;
		};
/* End XCBuildConfiguration section */

/* Begin XCConfigurationList section */
		7B50BF8729676B9A006410E4 /* Build configuration list for PBXProject "DynamicIslandDownloadProgress" */ = {
			isa = XCConfigurationList;
			buildConfigurations = (
				7B50BFB329676B9D006410E4 /* Debug */,
				7B50BFB429676B9D006410E4 /* Release */,
			);
			defaultConfigurationIsVisible = 0;
			defaultConfigurationName = Release;
		};
		7B50BFB529676B9D006410E4 /* Build configuration list for PBXNativeTarget "DynamicIslandDownloadProgress" */ = {
			isa = XCConfigurationList;
			buildConfigurations = (
				7B50BFB629676B9D006410E4 /* Debug */,
				7B50BFB729676B9D006410E4 /* Release */,
			);
			defaultConfigurationIsVisible = 0;
			defaultConfigurationName = Release;
		};
		7B50BFB829676B9D006410E4 /* Build configuration list for PBXNativeTarget "DynamicIslandDownloadProgressTests" */ = {
			isa = XCConfigurationList;
			buildConfigurations = (
				7B50BFB929676B9D006410E4 /* Debug */,
				7B50BFBA29676B9D006410E4 /* Release */,
			);
			defaultConfigurationIsVisible = 0;
			defaultConfigurationName = Release;
		};
		7B50BFBB29676B9D006410E4 /* Build configuration list for PBXNativeTarget "DynamicIslandDownloadProgressUITests" */ = {
			isa = XCConfigurationList;
			buildConfigurations = (
				7B50BFBC29676B9D006410E4 /* Debug */,
				7B50BFBD29676B9D006410E4 /* Release */,
			);
			defaultConfigurationIsVisible = 0;
			defaultConfigurationName = Release;
		};
/* End XCConfigurationList section */

/* Begin XCVersionGroup section */
		7B50BF9A29676B9D006410E4 /* DynamicIslandDownloadProgress.xcdatamodeld */ = {
			isa = XCVersionGroup;
			children = (
				7B50BF9B29676B9D006410E4 /* DynamicIslandDownloadProgress.xcdatamodel */,
			);
			currentVersion = 7B50BF9B29676B9D006410E4 /* DynamicIslandDownloadProgress.xcdatamodel */;
			path = DynamicIslandDownloadProgress.xcdatamodeld;
			sourceTree = "<group>";
			versionGroupType = wrapper.xcdatamodel;
		};
/* End XCVersionGroup section */
	};
	rootObject = 7B50BF8429676B9A006410E4 /* Project object */;
}
